
Microsoft Visual Studio Solution File, Format Version 12.00
# Visual Studio 2013
VisualStudioVersion = 12.0.30501.0
MinimumVisualStudioVersion = 10.0.40219.1
Project("{8BC9CEB8-8B4A-11D0-8D11-00A0C91BC942}") = "2DPlatformer", "2DPlatformer\2DPlatformer.vcxproj", "{985D902A-C2AF-48A6-9340-D34FD390582B}"
EndProject
Global
	GlobalSection(SolutionConfigurationPlatforms) = preSolution
		Debug|Win32 = Debug|Win32
		Release|Win32 = Release|Win32
	EndGlobalSection
	GlobalSection(ProjectConfigurationPlatforms) = postSolution
		{985D902A-C2AF-48A6-9340-D34FD390582B}.Debug|Win32.ActiveCfg = Debug|Win32
		{985D902A-C2AF-48A6-9340-D34FD390582B}.Debug|Win32.Build.0 = Debug|Win32
		{985D902A-C2AF-48A6-9340-D34FD390582B}.Release|Win32.ActiveCfg = Release|Win32
		{985D902A-C2AF-48A6-9340-D34FD390582B}.Release|Win32.Build.0 = Release|Win32
	EndGlobalSection
	GlobalSection(SolutionProperties) = preSolution
		HideSolutionNode = FALSE
	EndGlobalSection
EndGlobal
